
Microsoft Visual Studio Solution File, Format Version 12.00
# Visual Studio Version 17
VisualStudioVersion = 17.5.002.0
MinimumVisualStudioVersion = 10.0.40219.1
Project("{9A19103F-16F7-4668-BE54-9A1E7A4F7556}") = "duncan", "duncan.csproj", "{93C3A73E-3C1C-4081-85D6-FC8573226751}"
EndProject
Global
	GlobalSection(SolutionConfigurationPlatforms) = preSolution
		Debug|Any CPU = Debug|Any CPU
		Release|Any CPU = Release|Any CPU
	EndGlobalSection
	GlobalSection(ProjectConfigurationPlatforms) = postSolution
		{93C3A73E-3C1C-4081-85D6-FC8573226751}.Debug|Any CPU.ActiveCfg = Debug|Any CPU
		{93C3A73E-3C1C-4081-85D6-FC8573226751}.Debug|Any CPU.Build.0 = Debug|Any CPU
		{93C3A73E-3C1C-4081-85D6-FC8573226751}.Release|Any CPU.ActiveCfg = Release|Any CPU
		{93C3A73E-3C1C-4081-85D6-FC8573226751}.Release|Any CPU.Build.0 = Release|Any CPU
	EndGlobalSection
	GlobalSection(SolutionProperties) = preSolution
		HideSolutionNode = FALSE
	EndGlobalSection
	GlobalSection(ExtensibilityGlobals) = postSolution
		SolutionGuid = {1AF68372-C42C-41B7-80E8-6295AC8B9382}
	EndGlobalSection
EndGlobal
